
Microsoft Visual Studio Solution File, Format Version 12.00
# Visual Studio 2012
Project("{FAE04EC0-301F-11D3-BF4B-00C04F79EFBC}") = "SYSInfo", "SYSInfo.csproj", "{FCDABAA4-8A66-4A50-A83C-2726564C0215}"
EndProject
Global
	GlobalSection(SolutionConfigurationPlatforms) = preSolution
		Debug|Any CPU = Debug|Any CPU
		Release|Any CPU = Release|Any CPU
	EndGlobalSection
	GlobalSection(ProjectConfigurationPlatforms) = postSolution
		{FCDABAA4-8A66-4A50-A83C-2726564C0215}.Debug|Any CPU.ActiveCfg = Debug|Any CPU
		{FCDABAA4-8A66-4A50-A83C-2726564C0215}.Debug|Any CPU.Build.0 = Debug|Any CPU
		{FCDABAA4-8A66-4A50-A83C-2726564C0215}.Release|Any CPU.ActiveCfg = Release|Any CPU
		{FCDABAA4-8A66-4A50-A83C-2726564C0215}.Release|Any CPU.Build.0 = Release|Any CPU
	EndGlobalSection
	GlobalSection(SolutionProperties) = preSolution
		HideSolutionNode = FALSE
	EndGlobalSection
EndGlobal
